
Microsoft Visual Studio Solution File, Format Version 12.00
# Visual Studio Version 16
VisualStudioVersion = 16.0.31911.196
MinimumVisualStudioVersion = 10.0.40219.1
Project("{9A19103F-16F7-4668-BE54-9A1E7A4F7556}") = "webshopgaragemanager", "webshopgaragemanager.csproj", "{0A22DDCA-BA7F-4373-AFAA-068D11DD081F}"
EndProject
Project("{9A19103F-16F7-4668-BE54-9A1E7A4F7556}") = "DTOLibrary", "..\DTOLibrary\DTOLibrary.csproj", "{BE99BFC0-DEBE-4604-AE69-5F7119E7259B}"
EndProject
Project("{9A19103F-16F7-4668-BE54-9A1E7A4F7556}") = "DataSourceLibrary", "..\DataSourceLibrary\DataSourceLibrary.csproj", "{83621BB7-EECA-4CF0-B0EE-6EE04F877FBE}"
EndProject
Global
	GlobalSection(SolutionConfigurationPlatforms) = preSolution
		Debug|Any CPU = Debug|Any CPU
		Release|Any CPU = Release|Any CPU
	EndGlobalSection
	GlobalSection(ProjectConfigurationPlatforms) = postSolution
		{0A22DDCA-BA7F-4373-AFAA-068D11DD081F}.Debug|Any CPU.ActiveCfg = Debug|Any CPU
		{0A22DDCA-BA7F-4373-AFAA-068D11DD081F}.Debug|Any CPU.Build.0 = Debug|Any CPU
		{0A22DDCA-BA7F-4373-AFAA-068D11DD081F}.Release|Any CPU.ActiveCfg = Release|Any CPU
		{0A22DDCA-BA7F-4373-AFAA-068D11DD081F}.Release|Any CPU.Build.0 = Release|Any CPU
		{BE99BFC0-DEBE-4604-AE69-5F7119E7259B}.Debug|Any CPU.ActiveCfg = Debug|Any CPU
		{BE99BFC0-DEBE-4604-AE69-5F7119E7259B}.Debug|Any CPU.Build.0 = Debug|Any CPU
		{BE99BFC0-DEBE-4604-AE69-5F7119E7259B}.Release|Any CPU.ActiveCfg = Release|Any CPU
		{BE99BFC0-DEBE-4604-AE69-5F7119E7259B}.Release|Any CPU.Build.0 = Release|Any CPU
		{83621BB7-EECA-4CF0-B0EE-6EE04F877FBE}.Debug|Any CPU.ActiveCfg = Debug|Any CPU
		{83621BB7-EECA-4CF0-B0EE-6EE04F877FBE}.Debug|Any CPU.Build.0 = Debug|Any CPU
		{83621BB7-EECA-4CF0-B0EE-6EE04F877FBE}.Release|Any CPU.ActiveCfg = Release|Any CPU
		{83621BB7-EECA-4CF0-B0EE-6EE04F877FBE}.Release|Any CPU.Build.0 = Release|Any CPU
	EndGlobalSection
	GlobalSection(SolutionProperties) = preSolution
		HideSolutionNode = FALSE
	EndGlobalSection
	GlobalSection(ExtensibilityGlobals) = postSolution
		SolutionGuid = {318CCCE5-5B33-4E67-8257-77B1DDECC255}
	EndGlobalSection
EndGlobal
